
Microsoft Visual Studio Solution File, Format Version 12.00
# Visual Studio Version 17
VisualStudioVersion = 17.5.002.0
MinimumVisualStudioVersion = 10.0.40219.1
Project("{9A19103F-16F7-4668-BE54-9A1E7A4F7556}") = "DoorLabelFunction", "DoorLabelFunction.csproj", "{9DD1F10F-7335-4FF9-A3DE-18C6EEEF22D1}"
EndProject
Global
	GlobalSection(SolutionConfigurationPlatforms) = preSolution
		Debug|Any CPU = Debug|Any CPU
		Release|Any CPU = Release|Any CPU
	EndGlobalSection
	GlobalSection(ProjectConfigurationPlatforms) = postSolution
		{9DD1F10F-7335-4FF9-A3DE-18C6EEEF22D1}.Debug|Any CPU.ActiveCfg = Debug|Any CPU
		{9DD1F10F-7335-4FF9-A3DE-18C6EEEF22D1}.Debug|Any CPU.Build.0 = Debug|Any CPU
		{9DD1F10F-7335-4FF9-A3DE-18C6EEEF22D1}.Release|Any CPU.ActiveCfg = Release|Any CPU
		{9DD1F10F-7335-4FF9-A3DE-18C6EEEF22D1}.Release|Any CPU.Build.0 = Release|Any CPU
	EndGlobalSection
	GlobalSection(SolutionProperties) = preSolution
		HideSolutionNode = FALSE
	EndGlobalSection
	GlobalSection(ExtensibilityGlobals) = postSolution
		SolutionGuid = {5F709A5C-74A5-4752-A0EC-F7B724FC5B75}
	EndGlobalSection
EndGlobal
